
Microsoft Visual Studio Solution File, Format Version 12.00
# Visual Studio Version 16
VisualStudioVersion = 16.0.30413.136
MinimumVisualStudioVersion = 10.0.40219.1
Project("{FAE04EC0-301F-11D3-BF4B-00C04F79EFBC}") = "PeopleEvents", "PeopleEvents\PeopleEvents.csproj", "{9B0F6C04-FC2E-4076-A3B4-5F6C423FE67B}"
EndProject
Global
	GlobalSection(SolutionConfigurationPlatforms) = preSolution
		Debug|Any CPU = Debug|Any CPU
		Release|Any CPU = Release|Any CPU
	EndGlobalSection
	GlobalSection(ProjectConfigurationPlatforms) = postSolution
		{9B0F6C04-FC2E-4076-A3B4-5F6C423FE67B}.Debug|Any CPU.ActiveCfg = Debug|Any CPU
		{9B0F6C04-FC2E-4076-A3B4-5F6C423FE67B}.Debug|Any CPU.Build.0 = Debug|Any CPU
		{9B0F6C04-FC2E-4076-A3B4-5F6C423FE67B}.Release|Any CPU.ActiveCfg = Release|Any CPU
		{9B0F6C04-FC2E-4076-A3B4-5F6C423FE67B}.Release|Any CPU.Build.0 = Release|Any CPU
	EndGlobalSection
	GlobalSection(SolutionProperties) = preSolution
		HideSolutionNode = FALSE
	EndGlobalSection
	GlobalSection(ExtensibilityGlobals) = postSolution
		SolutionGuid = {14679C8C-FEC6-43C4-8B93-00D6655574EF}
	EndGlobalSection
EndGlobal
